
Microsoft Visual Studio Solution File, Format Version 12.00
# Visual Studio Version 17
VisualStudioVersion = 17.5.33516.290
MinimumVisualStudioVersion = 10.0.40219.1
Project("{9A19103F-16F7-4668-BE54-9A1E7A4F7556}") = "SVPP_Lab9", "CVPP_Lab9\SVPP_Lab9.csproj", "{C16B62A4-2D2D-4F7F-A6FC-8E58F33EAB66}"
EndProject
Project("{9A19103F-16F7-4668-BE54-9A1E7A4F7556}") = "SVPP_Lab9.Domain", "SVPP_Lab9.Domain\SVPP_Lab9.Domain.csproj", "{D681423C-4383-47F3-9127-A553D11A4D44}"
EndProject
Project("{9A19103F-16F7-4668-BE54-9A1E7A4F7556}") = "SVPP_Lab9.TestData", "SVPP_Lab9.TestData\SVPP_Lab9.TestData.csproj", "{3C58E014-174F-4265-837B-B0EA9F879BAF}"
EndProject
Project("{9A19103F-16F7-4668-BE54-9A1E7A4F7556}") = "SVPP_Lab9.Business", "SVPP_Lab9.Business\SVPP_Lab9.Business.csproj", "{56E80C55-CAE0-41DE-8D25-31C15B810E0E}"
EndProject
Project("{FAE04EC0-301F-11D3-BF4B-00C04F79EFBC}") = "SVPPLab_9.DAL", "SVPPLab_9.DAL\SVPPLab_9.DAL.csproj", "{14EA84A3-76F9-4E94-A625-A2BEA521A16C}"
EndProject
Global
	GlobalSection(SolutionConfigurationPlatforms) = preSolution
		Debug|Any CPU = Debug|Any CPU
		Release|Any CPU = Release|Any CPU
	EndGlobalSection
	GlobalSection(ProjectConfigurationPlatforms) = postSolution
		{C16B62A4-2D2D-4F7F-A6FC-8E58F33EAB66}.Debug|Any CPU.ActiveCfg = Debug|Any CPU
		{C16B62A4-2D2D-4F7F-A6FC-8E58F33EAB66}.Debug|Any CPU.Build.0 = Debug|Any CPU
		{C16B62A4-2D2D-4F7F-A6FC-8E58F33EAB66}.Release|Any CPU.ActiveCfg = Release|Any CPU
		{C16B62A4-2D2D-4F7F-A6FC-8E58F33EAB66}.Release|Any CPU.Build.0 = Release|Any CPU
		{D681423C-4383-47F3-9127-A553D11A4D44}.Debug|Any CPU.ActiveCfg = Debug|Any CPU
		{D681423C-4383-47F3-9127-A553D11A4D44}.Debug|Any CPU.Build.0 = Debug|Any CPU
		{D681423C-4383-47F3-9127-A553D11A4D44}.Release|Any CPU.ActiveCfg = Release|Any CPU
		{D681423C-4383-47F3-9127-A553D11A4D44}.Release|Any CPU.Build.0 = Release|Any CPU
		{3C58E014-174F-4265-837B-B0EA9F879BAF}.Debug|Any CPU.ActiveCfg = Debug|Any CPU
		{3C58E014-174F-4265-837B-B0EA9F879BAF}.Debug|Any CPU.Build.0 = Debug|Any CPU
		{3C58E014-174F-4265-837B-B0EA9F879BAF}.Release|Any CPU.ActiveCfg = Release|Any CPU
		{3C58E014-174F-4265-837B-B0EA9F879BAF}.Release|Any CPU.Build.0 = Release|Any CPU
		{56E80C55-CAE0-41DE-8D25-31C15B810E0E}.Debug|Any CPU.ActiveCfg = Debug|Any CPU
		{56E80C55-CAE0-41DE-8D25-31C15B810E0E}.Debug|Any CPU.Build.0 = Debug|Any CPU
		{56E80C55-CAE0-41DE-8D25-31C15B810E0E}.Release|Any CPU.ActiveCfg = Release|Any CPU
		{56E80C55-CAE0-41DE-8D25-31C15B810E0E}.Release|Any CPU.Build.0 = Release|Any CPU
		{14EA84A3-76F9-4E94-A625-A2BEA521A16C}.Debug|Any CPU.ActiveCfg = Debug|Any CPU
		{14EA84A3-76F9-4E94-A625-A2BEA521A16C}.Debug|Any CPU.Build.0 = Debug|Any CPU
		{14EA84A3-76F9-4E94-A625-A2BEA521A16C}.Release|Any CPU.ActiveCfg = Release|Any CPU
		{14EA84A3-76F9-4E94-A625-A2BEA521A16C}.Release|Any CPU.Build.0 = Release|Any CPU
	EndGlobalSection
	GlobalSection(SolutionProperties) = preSolution
		HideSolutionNode = FALSE
	EndGlobalSection
	GlobalSection(ExtensibilityGlobals) = postSolution
		SolutionGuid = {AF30FA23-7B79-4EEF-869F-9F233B4E76FE}
	EndGlobalSection
EndGlobal
