
Microsoft Visual Studio Solution File, Format Version 12.00
# Visual Studio Version 17
VisualStudioVersion = 17.1.32407.343
MinimumVisualStudioVersion = 10.0.40219.1
Project("{9A19103F-16F7-4668-BE54-9A1E7A4F7556}") = "Lab_4_10333", "Lab_4_10333\Lab_4_10333.csproj", "{473FBFB5-687E-41C7-86EE-6FE191A9B338}"
EndProject
Project("{9A19103F-16F7-4668-BE54-9A1E7A4F7556}") = "Cat", "Space\Cat.csproj", "{4C4807FD-0061-4E26-9064-088BED29C26C}"
EndProject
Global
	GlobalSection(SolutionConfigurationPlatforms) = preSolution
		Debug|Any CPU = Debug|Any CPU
		Release|Any CPU = Release|Any CPU
	EndGlobalSection
	GlobalSection(ProjectConfigurationPlatforms) = postSolution
		{473FBFB5-687E-41C7-86EE-6FE191A9B338}.Debug|Any CPU.ActiveCfg = Debug|Any CPU
		{473FBFB5-687E-41C7-86EE-6FE191A9B338}.Debug|Any CPU.Build.0 = Debug|Any CPU
		{473FBFB5-687E-41C7-86EE-6FE191A9B338}.Release|Any CPU.ActiveCfg = Release|Any CPU
		{473FBFB5-687E-41C7-86EE-6FE191A9B338}.Release|Any CPU.Build.0 = Release|Any CPU
		{4C4807FD-0061-4E26-9064-088BED29C26C}.Debug|Any CPU.ActiveCfg = Debug|Any CPU
		{4C4807FD-0061-4E26-9064-088BED29C26C}.Debug|Any CPU.Build.0 = Debug|Any CPU
		{4C4807FD-0061-4E26-9064-088BED29C26C}.Release|Any CPU.ActiveCfg = Release|Any CPU
		{4C4807FD-0061-4E26-9064-088BED29C26C}.Release|Any CPU.Build.0 = Release|Any CPU
	EndGlobalSection
	GlobalSection(SolutionProperties) = preSolution
		HideSolutionNode = FALSE
	EndGlobalSection
	GlobalSection(ExtensibilityGlobals) = postSolution
		SolutionGuid = {E1598EA1-F90A-4186-AE9D-DEBCF757E22D}
	EndGlobalSection
EndGlobal
